
Microsoft Visual Studio Solution File, Format Version 12.00
# Visual Studio Version 17
VisualStudioVersion = 17.0.31903.59
MinimumVisualStudioVersion = 10.0.40219.1
Project("{FAE04EC0-301F-11D3-BF4B-00C04F79EFBC}") = "CarInfoApp.API", "CarInfoApp.API\CarInfoApp.API.csproj", "{C9119E86-20BE-40E3-B699-71A123ED8BCE}"
EndProject
Project("{FAE04EC0-301F-11D3-BF4B-00C04F79EFBC}") = "CarInfoApp.Application", "CarInfoApp.Application\CarInfoApp.Application.csproj", "{F99810FF-241C-484B-BA95-94AB3724EF3C}"
EndProject
Project("{FAE04EC0-301F-11D3-BF4B-00C04F79EFBC}") = "CarInfoApp.Domain", "CarInfoApp.Domain\CarInfoApp.Domain.csproj", "{0C43F0D8-1E3A-43E4-A069-11867CDB86F5}"
EndProject
Project("{FAE04EC0-301F-11D3-BF4B-00C04F79EFBC}") = "CarInfoApp.Infrastructure", "CarInfoApp.Infrastructure\CarInfoApp.Infrastructure.csproj", "{348BB33E-BEF8-43F4-9835-8B28E8D830AE}"
EndProject
Global
	GlobalSection(SolutionConfigurationPlatforms) = preSolution
		Debug|Any CPU = Debug|Any CPU
		Debug|x64 = Debug|x64
		Debug|x86 = Debug|x86
		Release|Any CPU = Release|Any CPU
		Release|x64 = Release|x64
		Release|x86 = Release|x86
	EndGlobalSection
	GlobalSection(ProjectConfigurationPlatforms) = postSolution
		{C9119E86-20BE-40E3-B699-71A123ED8BCE}.Debug|Any CPU.ActiveCfg = Debug|Any CPU
		{C9119E86-20BE-40E3-B699-71A123ED8BCE}.Debug|Any CPU.Build.0 = Debug|Any CPU
		{C9119E86-20BE-40E3-B699-71A123ED8BCE}.Debug|x64.ActiveCfg = Debug|Any CPU
		{C9119E86-20BE-40E3-B699-71A123ED8BCE}.Debug|x64.Build.0 = Debug|Any CPU
		{C9119E86-20BE-40E3-B699-71A123ED8BCE}.Debug|x86.ActiveCfg = Debug|Any CPU
		{C9119E86-20BE-40E3-B699-71A123ED8BCE}.Debug|x86.Build.0 = Debug|Any CPU
		{C9119E86-20BE-40E3-B699-71A123ED8BCE}.Release|Any CPU.ActiveCfg = Release|Any CPU
		{C9119E86-20BE-40E3-B699-71A123ED8BCE}.Release|Any CPU.Build.0 = Release|Any CPU
		{C9119E86-20BE-40E3-B699-71A123ED8BCE}.Release|x64.ActiveCfg = Release|Any CPU
		{C9119E86-20BE-40E3-B699-71A123ED8BCE}.Release|x64.Build.0 = Release|Any CPU
		{C9119E86-20BE-40E3-B699-71A123ED8BCE}.Release|x86.ActiveCfg = Release|Any CPU
		{C9119E86-20BE-40E3-B699-71A123ED8BCE}.Release|x86.Build.0 = Release|Any CPU
		{F99810FF-241C-484B-BA95-94AB3724EF3C}.Debug|Any CPU.ActiveCfg = Debug|Any CPU
		{F99810FF-241C-484B-BA95-94AB3724EF3C}.Debug|Any CPU.Build.0 = Debug|Any CPU
		{F99810FF-241C-484B-BA95-94AB3724EF3C}.Debug|x64.ActiveCfg = Debug|Any CPU
		{F99810FF-241C-484B-BA95-94AB3724EF3C}.Debug|x64.Build.0 = Debug|Any CPU
		{F99810FF-241C-484B-BA95-94AB3724EF3C}.Debug|x86.ActiveCfg = Debug|Any CPU
		{F99810FF-241C-484B-BA95-94AB3724EF3C}.Debug|x86.Build.0 = Debug|Any CPU
		{F99810FF-241C-484B-BA95-94AB3724EF3C}.Release|Any CPU.ActiveCfg = Release|Any CPU
		{F99810FF-241C-484B-BA95-94AB3724EF3C}.Release|Any CPU.Build.0 = Release|Any CPU
		{F99810FF-241C-484B-BA95-94AB3724EF3C}.Release|x64.ActiveCfg = Release|Any CPU
		{F99810FF-241C-484B-BA95-94AB3724EF3C}.Release|x64.Build.0 = Release|Any CPU
		{F99810FF-241C-484B-BA95-94AB3724EF3C}.Release|x86.ActiveCfg = Release|Any CPU
		{F99810FF-241C-484B-BA95-94AB3724EF3C}.Release|x86.Build.0 = Release|Any CPU
		{0C43F0D8-1E3A-43E4-A069-11867CDB86F5}.Debug|Any CPU.ActiveCfg = Debug|Any CPU
		{0C43F0D8-1E3A-43E4-A069-11867CDB86F5}.Debug|Any CPU.Build.0 = Debug|Any CPU
		{0C43F0D8-1E3A-43E4-A069-11867CDB86F5}.Debug|x64.ActiveCfg = Debug|Any CPU
		{0C43F0D8-1E3A-43E4-A069-11867CDB86F5}.Debug|x64.Build.0 = Debug|Any CPU
		{0C43F0D8-1E3A-43E4-A069-11867CDB86F5}.Debug|x86.ActiveCfg = Debug|Any CPU
		{0C43F0D8-1E3A-43E4-A069-11867CDB86F5}.Debug|x86.Build.0 = Debug|Any CPU
		{0C43F0D8-1E3A-43E4-A069-11867CDB86F5}.Release|Any CPU.ActiveCfg = Release|Any CPU
		{0C43F0D8-1E3A-43E4-A069-11867CDB86F5}.Release|Any CPU.Build.0 = Release|Any CPU
		{0C43F0D8-1E3A-43E4-A069-11867CDB86F5}.Release|x64.ActiveCfg = Release|Any CPU
		{0C43F0D8-1E3A-43E4-A069-11867CDB86F5}.Release|x64.Build.0 = Release|Any CPU
		{0C43F0D8-1E3A-43E4-A069-11867CDB86F5}.Release|x86.ActiveCfg = Release|Any CPU
		{0C43F0D8-1E3A-43E4-A069-11867CDB86F5}.Release|x86.Build.0 = Release|Any CPU
		{348BB33E-BEF8-43F4-9835-8B28E8D830AE}.Debug|Any CPU.ActiveCfg = Debug|Any CPU
		{348BB33E-BEF8-43F4-9835-8B28E8D830AE}.Debug|Any CPU.Build.0 = Debug|Any CPU
		{348BB33E-BEF8-43F4-9835-8B28E8D830AE}.Debug|x64.ActiveCfg = Debug|Any CPU
		{348BB33E-BEF8-43F4-9835-8B28E8D830AE}.Debug|x64.Build.0 = Debug|Any CPU
		{348BB33E-BEF8-43F4-9835-8B28E8D830AE}.Debug|x86.ActiveCfg = Debug|Any CPU
		{348BB33E-BEF8-43F4-9835-8B28E8D830AE}.Debug|x86.Build.0 = Debug|Any CPU
		{348BB33E-BEF8-43F4-9835-8B28E8D830AE}.Release|Any CPU.ActiveCfg = Release|Any CPU
		{348BB33E-BEF8-43F4-9835-8B28E8D830AE}.Release|Any CPU.Build.0 = Release|Any CPU
		{348BB33E-BEF8-43F4-9835-8B28E8D830AE}.Release|x64.ActiveCfg = Release|Any CPU
		{348BB33E-BEF8-43F4-9835-8B28E8D830AE}.Release|x64.Build.0 = Release|Any CPU
		{348BB33E-BEF8-43F4-9835-8B28E8D830AE}.Release|x86.ActiveCfg = Release|Any CPU
		{348BB33E-BEF8-43F4-9835-8B28E8D830AE}.Release|x86.Build.0 = Release|Any CPU
	EndGlobalSection
	GlobalSection(SolutionProperties) = preSolution
		HideSolutionNode = FALSE
	EndGlobalSection
EndGlobal
